<Solution>
    <Project Path="Patient.Core/Hospital.Patient.Core.csproj" Id="9ff0da70-7f6f-4c4c-afcd-d029c03bf916" />
    <Project Path="Patient.ServiceViewModels/Hospital.Patient.ServiceViewModels.csproj" Id="aba31dd2-852e-4ccc-a030-53a0a2192b86" />
    <Project Path="Patient.UIViewModels/Hospital.Patient.UIViewModels.csproj" Id="802bac80-f74d-4e76-b34c-bd04d28836ad" />
    <Project Path="Patient.WebApi/Hospital.Patient.WebApi.csproj" Id="a5a76a0d-dbbd-4389-b2a8-c40b0df2f234" />
</Solution>
